
Microsoft Visual Studio Solution File, Format Version 11.00
# Visual Studio 2010
Project("{FAE04EC0-301F-11D3-BF4B-00C04F79EFBC}") = "GameAssembly", "GameAssembly.csproj", "{02D998D7-6F13-338D-4177-FD62F5A3B289}"
EndProject
Project("{FAE04EC0-301F-11D3-BF4B-00C04F79EFBC}") = "NavMeshComponentsExamples", "NavMeshComponentsExamples.csproj", "{13662F6B-FA1C-F741-2B9E-A641B50CAEE2}"
EndProject
Project("{FAE04EC0-301F-11D3-BF4B-00C04F79EFBC}") = "NavMeshComponents", "NavMeshComponents.csproj", "{C8B036BA-D809-F94C-AE9C-4EB4CB300112}"
EndProject
Project("{FAE04EC0-301F-11D3-BF4B-00C04F79EFBC}") = "NavMeshComponentsTestsPlaymode", "NavMeshComponentsTestsPlaymode.csproj", "{1A27AF18-0E17-E241-E2FB-8017BB0D0D53}"
EndProject
Project("{FAE04EC0-301F-11D3-BF4B-00C04F79EFBC}") = "Tests", "Tests.csproj", "{8D65BB67-3BE4-D2C8-4C28-193430F085C9}"
EndProject
Project("{FAE04EC0-301F-11D3-BF4B-00C04F79EFBC}") = "NavMeshComponentsEditor", "NavMeshComponentsEditor.csproj", "{C40FCD1D-1CF6-EAF6-3949-DB640AF71090}"
EndProject
Project("{FAE04EC0-301F-11D3-BF4B-00C04F79EFBC}") = "NavMeshComponentsTestsEditmode", "NavMeshComponentsTestsEditmode.csproj", "{CBC51E44-994B-DBD4-D437-D9ED6F1E23B7}"
EndProject
Project("{FAE04EC0-301F-11D3-BF4B-00C04F79EFBC}") = "NavMeshComponentsExamplesEditor", "NavMeshComponentsExamplesEditor.csproj", "{8F3297A1-8743-88E2-E1EC-72108CDF8540}"
EndProject
Global
	GlobalSection(SolutionConfigurationPlatforms) = preSolution
		Debug|Any CPU = Debug|Any CPU
		Release|Any CPU = Release|Any CPU
	EndGlobalSection
	GlobalSection(ProjectConfigurationPlatforms) = postSolution
		{02D998D7-6F13-338D-4177-FD62F5A3B289}.Debug|Any CPU.ActiveCfg = Debug|Any CPU
		{02D998D7-6F13-338D-4177-FD62F5A3B289}.Debug|Any CPU.Build.0 = Debug|Any CPU
		{02D998D7-6F13-338D-4177-FD62F5A3B289}.Release|Any CPU.ActiveCfg = Release|Any CPU
		{02D998D7-6F13-338D-4177-FD62F5A3B289}.Release|Any CPU.Build.0 = Release|Any CPU
		{13662F6B-FA1C-F741-2B9E-A641B50CAEE2}.Debug|Any CPU.ActiveCfg = Debug|Any CPU
		{13662F6B-FA1C-F741-2B9E-A641B50CAEE2}.Debug|Any CPU.Build.0 = Debug|Any CPU
		{13662F6B-FA1C-F741-2B9E-A641B50CAEE2}.Release|Any CPU.ActiveCfg = Release|Any CPU
		{13662F6B-FA1C-F741-2B9E-A641B50CAEE2}.Release|Any CPU.Build.0 = Release|Any CPU
		{C8B036BA-D809-F94C-AE9C-4EB4CB300112}.Debug|Any CPU.ActiveCfg = Debug|Any CPU
		{C8B036BA-D809-F94C-AE9C-4EB4CB300112}.Debug|Any CPU.Build.0 = Debug|Any CPU
		{C8B036BA-D809-F94C-AE9C-4EB4CB300112}.Release|Any CPU.ActiveCfg = Release|Any CPU
		{C8B036BA-D809-F94C-AE9C-4EB4CB300112}.Release|Any CPU.Build.0 = Release|Any CPU
		{1A27AF18-0E17-E241-E2FB-8017BB0D0D53}.Debug|Any CPU.ActiveCfg = Debug|Any CPU
		{1A27AF18-0E17-E241-E2FB-8017BB0D0D53}.Debug|Any CPU.Build.0 = Debug|Any CPU
		{1A27AF18-0E17-E241-E2FB-8017BB0D0D53}.Release|Any CPU.ActiveCfg = Release|Any CPU
		{1A27AF18-0E17-E241-E2FB-8017BB0D0D53}.Release|Any CPU.Build.0 = Release|Any CPU
		{8D65BB67-3BE4-D2C8-4C28-193430F085C9}.Debug|Any CPU.ActiveCfg = Debug|Any CPU
		{8D65BB67-3BE4-D2C8-4C28-193430F085C9}.Debug|Any CPU.Build.0 = Debug|Any CPU
		{8D65BB67-3BE4-D2C8-4C28-193430F085C9}.Release|Any CPU.ActiveCfg = Release|Any CPU
		{8D65BB67-3BE4-D2C8-4C28-193430F085C9}.Release|Any CPU.Build.0 = Release|Any CPU
		{C40FCD1D-1CF6-EAF6-3949-DB640AF71090}.Debug|Any CPU.ActiveCfg = Debug|Any CPU
		{C40FCD1D-1CF6-EAF6-3949-DB640AF71090}.Debug|Any CPU.Build.0 = Debug|Any CPU
		{C40FCD1D-1CF6-EAF6-3949-DB640AF71090}.Release|Any CPU.ActiveCfg = Release|Any CPU
		{C40FCD1D-1CF6-EAF6-3949-DB640AF71090}.Release|Any CPU.Build.0 = Release|Any CPU
		{CBC51E44-994B-DBD4-D437-D9ED6F1E23B7}.Debug|Any CPU.ActiveCfg = Debug|Any CPU
		{CBC51E44-994B-DBD4-D437-D9ED6F1E23B7}.Debug|Any CPU.Build.0 = Debug|Any CPU
		{CBC51E44-994B-DBD4-D437-D9ED6F1E23B7}.Release|Any CPU.ActiveCfg = Release|Any CPU
		{CBC51E44-994B-DBD4-D437-D9ED6F1E23B7}.Release|Any CPU.Build.0 = Release|Any CPU
		{8F3297A1-8743-88E2-E1EC-72108CDF8540}.Debug|Any CPU.ActiveCfg = Debug|Any CPU
		{8F3297A1-8743-88E2-E1EC-72108CDF8540}.Debug|Any CPU.Build.0 = Debug|Any CPU
		{8F3297A1-8743-88E2-E1EC-72108CDF8540}.Release|Any CPU.ActiveCfg = Release|Any CPU
		{8F3297A1-8743-88E2-E1EC-72108CDF8540}.Release|Any CPU.Build.0 = Release|Any CPU
	EndGlobalSection
	GlobalSection(SolutionProperties) = preSolution
		HideSolutionNode = FALSE
	EndGlobalSection
EndGlobal
